
Microsoft Visual Studio Solution File, Format Version 12.00
# Visual Studio Version 17
VisualStudioVersion = 17.13.35806.99
MinimumVisualStudioVersion = 10.0.40219.1
Project("{FAE04EC0-301F-11D3-BF4B-00C04F79EFBC}") = "LeoniStudyGroup", "LeoniStudyGroup.csproj", "{711CCA74-047E-49BC-8781-66494F762FAE}"
EndProject
Global
	GlobalSection(SolutionConfigurationPlatforms) = preSolution
		Debug|Any CPU = Debug|Any CPU
		Release|Any CPU = Release|Any CPU
	EndGlobalSection
	GlobalSection(ProjectConfigurationPlatforms) = postSolution
		{711CCA74-047E-49BC-8781-66494F762FAE}.Debug|Any CPU.ActiveCfg = Debug|Any CPU
		{711CCA74-047E-49BC-8781-66494F762FAE}.Debug|Any CPU.Build.0 = Debug|Any CPU
		{711CCA74-047E-49BC-8781-66494F762FAE}.Release|Any CPU.ActiveCfg = Release|Any CPU
		{711CCA74-047E-49BC-8781-66494F762FAE}.Release|Any CPU.Build.0 = Release|Any CPU
	EndGlobalSection
	GlobalSection(SolutionProperties) = preSolution
		HideSolutionNode = FALSE
	EndGlobalSection
	GlobalSection(ExtensibilityGlobals) = postSolution
		SolutionGuid = {6E2B7400-EFEE-4C80-AF1F-644034F07B97}
	EndGlobalSection
EndGlobal
